
Microsoft Visual Studio Solution File, Format Version 12.00
# Visual Studio Version 17
VisualStudioVersion = 17.5.33530.505
MinimumVisualStudioVersion = 10.0.40219.1
Project("{9A19103F-16F7-4668-BE54-9A1E7A4F7556}") = "ObjectAreaLib", "ObjextSquareLib\ObjectAreaLib.csproj", "{18479AF5-861E-493D-82C4-9CC2B0F1ADF6}"
EndProject
Project("{FAE04EC0-301F-11D3-BF4B-00C04F79EFBC}") = "ObjectAreaLib_Tests", "ObjectAreaLib_Tests\ObjectAreaLib_Tests.csproj", "{100887CE-CBDD-440C-BC96-EE7429C0687C}"
EndProject
Global
	GlobalSection(SolutionConfigurationPlatforms) = preSolution
		Debug|Any CPU = Debug|Any CPU
		Release|Any CPU = Release|Any CPU
	EndGlobalSection
	GlobalSection(ProjectConfigurationPlatforms) = postSolution
		{18479AF5-861E-493D-82C4-9CC2B0F1ADF6}.Debug|Any CPU.ActiveCfg = Debug|Any CPU
		{18479AF5-861E-493D-82C4-9CC2B0F1ADF6}.Debug|Any CPU.Build.0 = Debug|Any CPU
		{18479AF5-861E-493D-82C4-9CC2B0F1ADF6}.Release|Any CPU.ActiveCfg = Release|Any CPU
		{18479AF5-861E-493D-82C4-9CC2B0F1ADF6}.Release|Any CPU.Build.0 = Release|Any CPU
		{100887CE-CBDD-440C-BC96-EE7429C0687C}.Debug|Any CPU.ActiveCfg = Debug|Any CPU
		{100887CE-CBDD-440C-BC96-EE7429C0687C}.Debug|Any CPU.Build.0 = Debug|Any CPU
		{100887CE-CBDD-440C-BC96-EE7429C0687C}.Release|Any CPU.ActiveCfg = Release|Any CPU
		{100887CE-CBDD-440C-BC96-EE7429C0687C}.Release|Any CPU.Build.0 = Release|Any CPU
	EndGlobalSection
	GlobalSection(SolutionProperties) = preSolution
		HideSolutionNode = FALSE
	EndGlobalSection
	GlobalSection(ExtensibilityGlobals) = postSolution
		SolutionGuid = {33F693D3-4D7A-450A-9DA5-A4C2AE10E45D}
	EndGlobalSection
EndGlobal
